// !$*UTF8*$!
{
	archiveVersion = 1;
	classes = {
	};
	objectVersion = 55;
	objects = {

/* Begin PBXBuildFile section */
		E9A715DB28CFC16400556786 /* AppDelegate.swift in Sources */ = {isa = PBXBuildFile; fileRef = E9A715DA28CFC16400556786 /* AppDelegate.swift */; };
		E9A715DD28CFC16400556786 /* SceneDelegate.swift in Sources */ = {isa = PBXBuildFile; fileRef = E9A715DC28CFC16400556786 /* SceneDelegate.swift */; };
		E9A715E428CFC16800556786 /* Assets.xcassets in Resources */ = {isa = PBXBuildFile; fileRef = E9A715E328CFC16800556786 /* Assets.xcassets */; };
		E9A715E728CFC16800556786 /* LaunchScreen.storyboard in Resources */ = {isa = PBXBuildFile; fileRef = E9A715E528CFC16800556786 /* LaunchScreen.storyboard */; };
		E9A715EF28CFC47800556786 /* SearchVC.swift in Sources */ = {isa = PBXBuildFile; fileRef = E9A715EE28CFC47800556786 /* SearchVC.swift */; };
		E9A715F128CFC48A00556786 /* FavoritesListVC.swift in Sources */ = {isa = PBXBuildFile; fileRef = E9A715F028CFC48A00556786 /* FavoritesListVC.swift */; };
		E9A715F328CFC83900556786 /* GFButton.swift in Sources */ = {isa = PBXBuildFile; fileRef = E9A715F228CFC83900556786 /* GFButton.swift */; };
		E9A715F528CFC96100556786 /* GFTextField.swift in Sources */ = {isa = PBXBuildFile; fileRef = E9A715F428CFC96100556786 /* GFTextField.swift */; };
		E9A715F728CFD16E00556786 /* FollowersListVC.swift in Sources */ = {isa = PBXBuildFile; fileRef = E9A715F628CFD16E00556786 /* FollowersListVC.swift */; };
		E9A715F928D0728500556786 /* GFTitleLabel.swift in Sources */ = {isa = PBXBuildFile; fileRef = E9A715F828D0728500556786 /* GFTitleLabel.swift */; };
		E9A715FB28D073CE00556786 /* GFBodyLabel.swift in Sources */ = {isa = PBXBuildFile; fileRef = E9A715FA28D073CE00556786 /* GFBodyLabel.swift */; };
		E9A715FD28D0743100556786 /* GFAlertVC.swift in Sources */ = {isa = PBXBuildFile; fileRef = E9A715FC28D0743100556786 /* GFAlertVC.swift */; };
		E9A715FF28D07ACC00556786 /* UIViewControllerExtension.swift in Sources */ = {isa = PBXBuildFile; fileRef = E9A715FE28D07ACC00556786 /* UIViewControllerExtension.swift */; };
		E9A7160928D0829400556786 /* NetworkManager.swift in Sources */ = {isa = PBXBuildFile; fileRef = E9A7160828D0829400556786 /* NetworkManager.swift */; };
		E9A7160C28D0847D00556786 /* Follower.swift in Sources */ = {isa = PBXBuildFile; fileRef = E9A7160B28D0847D00556786 /* Follower.swift */; };
		E9A7160E28D0853300556786 /* User.swift in Sources */ = {isa = PBXBuildFile; fileRef = E9A7160D28D0853300556786 /* User.swift */; };
		E9A7161128D08A6B00556786 /* GFError.swift in Sources */ = {isa = PBXBuildFile; fileRef = E9A7161028D08A6B00556786 /* GFError.swift */; };
		E9A7161328D0983F00556786 /* FollowerCell.swift in Sources */ = {isa = PBXBuildFile; fileRef = E9A7161228D0983F00556786 /* FollowerCell.swift */; };
		E9A7161628D0C60300556786 /* GFAvatarImageView.swift in Sources */ = {isa = PBXBuildFile; fileRef = E9A7161528D0C60300556786 /* GFAvatarImageView.swift */; };
		E9A7161828D1117600556786 /* GFEmptyStateView.swift in Sources */ = {isa = PBXBuildFile; fileRef = E9A7161728D1117500556786 /* GFEmptyStateView.swift */; };
		E9A7161A28D1C39F00556786 /* UserInfoVC.swift in Sources */ = {isa = PBXBuildFile; fileRef = E9A7161928D1C39F00556786 /* UserInfoVC.swift */; };
		E9A7161C28D1D26A00556786 /* GFSecondaryTitleLabel.swift in Sources */ = {isa = PBXBuildFile; fileRef = E9A7161B28D1D26A00556786 /* GFSecondaryTitleLabel.swift */; };
		E9A7161F28D1D39000556786 /* GFUserInfoHeaderVC.swift in Sources */ = {isa = PBXBuildFile; fileRef = E9A7161E28D1D39000556786 /* GFUserInfoHeaderVC.swift */; };
		E9A7162128D1D44700556786 /* GFGenericImageView.swift in Sources */ = {isa = PBXBuildFile; fileRef = E9A7162028D1D44700556786 /* GFGenericImageView.swift */; };
		E9A7162328D1DB2700556786 /* GFConstants.swift in Sources */ = {isa = PBXBuildFile; fileRef = E9A7162228D1DB2700556786 /* GFConstants.swift */; };
		E9A7162528D1FA8500556786 /* GFItemInfoView.swift in Sources */ = {isa = PBXBuildFile; fileRef = E9A7162428D1FA8400556786 /* GFItemInfoView.swift */; };
		E9A7162728D1FFCB00556786 /* GFItemInfoVC.swift in Sources */ = {isa = PBXBuildFile; fileRef = E9A7162628D1FFCB00556786 /* GFItemInfoVC.swift */; };
		E9A7162928D2030900556786 /* GFRepoItemVC.swift in Sources */ = {isa = PBXBuildFile; fileRef = E9A7162828D2030800556786 /* GFRepoItemVC.swift */; };
		E9A7162B28D2053B00556786 /* GFFollowerItemVC.swift in Sources */ = {isa = PBXBuildFile; fileRef = E9A7162A28D2053B00556786 /* GFFollowerItemVC.swift */; };
		E9A7162F28D209C000556786 /* DateExtension.swift in Sources */ = {isa = PBXBuildFile; fileRef = E9A7162E28D209C000556786 /* DateExtension.swift */; };
		E9A7163128D209F300556786 /* StringExtension.swift in Sources */ = {isa = PBXBuildFile; fileRef = E9A7163028D209F300556786 /* StringExtension.swift */; };
		E9A7163328D2299800556786 /* PersistenceManager.swift in Sources */ = {isa = PBXBuildFile; fileRef = E9A7163228D2299800556786 /* PersistenceManager.swift */; };
		E9A7163528D266DE00556786 /* FavoriteCell.swift in Sources */ = {isa = PBXBuildFile; fileRef = E9A7163428D266DD00556786 /* FavoriteCell.swift */; };
		E9A7163828D3121900556786 /* GFTabBarController.swift in Sources */ = {isa = PBXBuildFile; fileRef = E9A7163728D3121900556786 /* GFTabBarController.swift */; };
		E9A7163A28D31A0500556786 /* GFAlertContainerView.swift in Sources */ = {isa = PBXBuildFile; fileRef = E9A7163928D31A0500556786 /* GFAlertContainerView.swift */; };
		E9A7163E28D3307100556786 /* UITableViewExtension.swift in Sources */ = {isa = PBXBuildFile; fileRef = E9A7163D28D3307100556786 /* UITableViewExtension.swift */; };
		E9ABA37928D4A48900D23C75 /* RepositoriesVC.swift in Sources */ = {isa = PBXBuildFile; fileRef = E9ABA37828D4A48900D23C75 /* RepositoriesVC.swift */; };
		E9ABA37B28D4A98C00D23C75 /* Repos.swift in Sources */ = {isa = PBXBuildFile; fileRef = E9ABA37A28D4A98C00D23C75 /* Repos.swift */; };
		E9ABA37D28D4AD7200D23C75 /* RepositoryCell.swift in Sources */ = {isa = PBXBuildFile; fileRef = E9ABA37C28D4AD7200D23C75 /* RepositoryCell.swift */; };
		E9ABA37F28D4BA5900D23C75 /* GFCaptionLabel.swift in Sources */ = {isa = PBXBuildFile; fileRef = E9ABA37E28D4BA5900D23C75 /* GFCaptionLabel.swift */; };
		E9ABA3C328D720C300D23C75 /* GFSettingsButton.swift in Sources */ = {isa = PBXBuildFile; fileRef = E9ABA3C228D720C300D23C75 /* GFSettingsButton.swift */; };
/* End PBXBuildFile section */

/* Begin PBXFileReference section */
		E9A715D728CFC16400556786 /* GH Assistant.app */ = {isa = PBXFileReference; explicitFileType = wrapper.application; includeInIndex = 0; path = "GH Assistant.app"; sourceTree = BUILT_PRODUCTS_DIR; };
		E9A715DA28CFC16400556786 /* AppDelegate.swift */ = {isa = PBXFileReference; lastKnownFileType = sourcecode.swift; path = AppDelegate.swift; sourceTree = "<group>"; };
		E9A715DC28CFC16400556786 /* SceneDelegate.swift */ = {isa = PBXFileReference; lastKnownFileType = sourcecode.swift; path = SceneDelegate.swift; sourceTree = "<group>"; };
		E9A715E328CFC16800556786 /* Assets.xcassets */ = {isa = PBXFileReference; lastKnownFileType = folder.assetcatalog; path = Assets.xcassets; sourceTree = "<group>"; };
		E9A715E628CFC16800556786 /* Base */ = {isa = PBXFileReference; lastKnownFileType = file.storyboard; name = Base; path = Base.lproj/LaunchScreen.storyboard; sourceTree = "<group>"; };
		E9A715E828CFC16900556786 /* Info.plist */ = {isa = PBXFileReference; lastKnownFileType = text.plist.xml; path = Info.plist; sourceTree = "<group>"; };
		E9A715EE28CFC47800556786 /* SearchVC.swift */ = {isa = PBXFileReference; lastKnownFileType = sourcecode.swift; path = SearchVC.swift; sourceTree = "<group>"; };
		E9A715F028CFC48A00556786 /* FavoritesListVC.swift */ = {isa = PBXFileReference; lastKnownFileType = sourcecode.swift; path = FavoritesListVC.swift; sourceTree = "<group>"; };
		E9A715F228CFC83900556786 /* GFButton.swift */ = {isa = PBXFileReference; lastKnownFileType = sourcecode.swift; path = GFButton.swift; sourceTree = "<group>"; };
		E9A715F428CFC96100556786 /* GFTextField.swift */ = {isa = PBXFileReference; lastKnownFileType = sourcecode.swift; path = GFTextField.swift; sourceTree = "<group>"; };
		E9A715F628CFD16E00556786 /* FollowersListVC.swift */ = {isa = PBXFileReference; lastKnownFileType = sourcecode.swift; path = FollowersListVC.swift; sourceTree = "<group>"; };
		E9A715F828D0728500556786 /* GFTitleLabel.swift */ = {isa = PBXFileReference; lastKnownFileType = sourcecode.swift; path = GFTitleLabel.swift; sourceTree = "<group>"; };
		E9A715FA28D073CE00556786 /* GFBodyLabel.swift */ = {isa = PBXFileReference; lastKnownFileType = sourcecode.swift; path = GFBodyLabel.swift; sourceTree = "<group>"; };
		E9A715FC28D0743100556786 /* GFAlertVC.swift */ = {isa = PBXFileReference; lastKnownFileType = sourcecode.swift; path = GFAlertVC.swift; sourceTree = "<group>"; };
		E9A715FE28D07ACC00556786 /* UIViewControllerExtension.swift */ = {isa = PBXFileReference; lastKnownFileType = sourcecode.swift; path = UIViewControllerExtension.swift; sourceTree = "<group>"; };
		E9A7160828D0829400556786 /* NetworkManager.swift */ = {isa = PBXFileReference; lastKnownFileType = sourcecode.swift; path = NetworkManager.swift; sourceTree = "<group>"; };
		E9A7160B28D0847D00556786 /* Follower.swift */ = {isa = PBXFileReference; lastKnownFileType = sourcecode.swift; path = Follower.swift; sourceTree = "<group>"; };
		E9A7160D28D0853300556786 /* User.swift */ = {isa = PBXFileReference; lastKnownFileType = sourcecode.swift; path = User.swift; sourceTree = "<group>"; };
		E9A7161028D08A6B00556786 /* GFError.swift */ = {isa = PBXFileReference; lastKnownFileType = sourcecode.swift; path = GFError.swift; sourceTree = "<group>"; };
		E9A7161228D0983F00556786 /* FollowerCell.swift */ = {isa = PBXFileReference; lastKnownFileType = sourcecode.swift; path = FollowerCell.swift; sourceTree = "<group>"; };
		E9A7161528D0C60300556786 /* GFAvatarImageView.swift */ = {isa = PBXFileReference; lastKnownFileType = sourcecode.swift; path = GFAvatarImageView.swift; sourceTree = "<group>"; };
		E9A7161728D1117500556786 /* GFEmptyStateView.swift */ = {isa = PBXFileReference; lastKnownFileType = sourcecode.swift; path = GFEmptyStateView.swift; sourceTree = "<group>"; };
		E9A7161928D1C39F00556786 /* UserInfoVC.swift */ = {isa = PBXFileReference; lastKnownFileType = sourcecode.swift; path = UserInfoVC.swift; sourceTree = "<group>"; };
		E9A7161B28D1D26A00556786 /* GFSecondaryTitleLabel.swift */ = {isa = PBXFileReference; lastKnownFileType = sourcecode.swift; path = GFSecondaryTitleLabel.swift; sourceTree = "<group>"; };
		E9A7161E28D1D39000556786 /* GFUserInfoHeaderVC.swift */ = {isa = PBXFileReference; lastKnownFileType = sourcecode.swift; path = GFUserInfoHeaderVC.swift; sourceTree = "<group>"; };
		E9A7162028D1D44700556786 /* GFGenericImageView.swift */ = {isa = PBXFileReference; lastKnownFileType = sourcecode.swift; path = GFGenericImageView.swift; sourceTree = "<group>"; };
		E9A7162228D1DB2700556786 /* GFConstants.swift */ = {isa = PBXFileReference; lastKnownFileType = sourcecode.swift; path = GFConstants.swift; sourceTree = "<group>"; };
		E9A7162428D1FA8400556786 /* GFItemInfoView.swift */ = {isa = PBXFileReference; lastKnownFileType = sourcecode.swift; path = GFItemInfoView.swift; sourceTree = "<group>"; };
		E9A7162628D1FFCB00556786 /* GFItemInfoVC.swift */ = {isa = PBXFileReference; lastKnownFileType = sourcecode.swift; path = GFItemInfoVC.swift; sourceTree = "<group>"; };
		E9A7162828D2030800556786 /* GFRepoItemVC.swift */ = {isa = PBXFileReference; lastKnownFileType = sourcecode.swift; path = GFRepoItemVC.swift; sourceTree = "<group>"; };
		E9A7162A28D2053B00556786 /* GFFollowerItemVC.swift */ = {isa = PBXFileReference; lastKnownFileType = sourcecode.swift; path = GFFollowerItemVC.swift; sourceTree = "<group>"; };
		E9A7162E28D209C000556786 /* DateExtension.swift */ = {isa = PBXFileReference; lastKnownFileType = sourcecode.swift; path = DateExtension.swift; sourceTree = "<group>"; };
		E9A7163028D209F300556786 /* StringExtension.swift */ = {isa = PBXFileReference; lastKnownFileType = sourcecode.swift; path = StringExtension.swift; sourceTree = "<group>"; };
		E9A7163228D2299800556786 /* PersistenceManager.swift */ = {isa = PBXFileReference; lastKnownFileType = sourcecode.swift; path = PersistenceManager.swift; sourceTree = "<group>"; };
		E9A7163428D266DD00556786 /* FavoriteCell.swift */ = {isa = PBXFileReference; lastKnownFileType = sourcecode.swift; path = FavoriteCell.swift; sourceTree = "<group>"; };
		E9A7163728D3121900556786 /* GFTabBarController.swift */ = {isa = PBXFileReference; lastKnownFileType = sourcecode.swift; path = GFTabBarController.swift; sourceTree = "<group>"; };
		E9A7163928D31A0500556786 /* GFAlertContainerView.swift */ = {isa = PBXFileReference; lastKnownFileType = sourcecode.swift; path = GFAlertContainerView.swift; sourceTree = "<group>"; };
		E9A7163D28D3307100556786 /* UITableViewExtension.swift */ = {isa = PBXFileReference; lastKnownFileType = sourcecode.swift; path = UITableViewExtension.swift; sourceTree = "<group>"; };
		E9ABA37828D4A48900D23C75 /* RepositoriesVC.swift */ = {isa = PBXFileReference; lastKnownFileType = sourcecode.swift; path = RepositoriesVC.swift; sourceTree = "<group>"; };
		E9ABA37A28D4A98C00D23C75 /* Repos.swift */ = {isa = PBXFileReference; lastKnownFileType = sourcecode.swift; path = Repos.swift; sourceTree = "<group>"; };
		E9ABA37C28D4AD7200D23C75 /* RepositoryCell.swift */ = {isa = PBXFileReference; lastKnownFileType = sourcecode.swift; path = RepositoryCell.swift; sourceTree = "<group>"; };
		E9ABA37E28D4BA5900D23C75 /* GFCaptionLabel.swift */ = {isa = PBXFileReference; lastKnownFileType = sourcecode.swift; path = GFCaptionLabel.swift; sourceTree = "<group>"; };
		E9ABA3C228D720C300D23C75 /* GFSettingsButton.swift */ = {isa = PBXFileReference; lastKnownFileType = sourcecode.swift; path = GFSettingsButton.swift; sourceTree = "<group>"; };
/* End PBXFileReference section */

/* Begin PBXFrameworksBuildPhase section */
		E9A715D428CFC16400556786 /* Frameworks */ = {
			isa = PBXFrameworksBuildPhase;
			buildActionMask = 2147483647;
			files = (
			);
			runOnlyForDeploymentPostprocessing = 0;
		};
/* End PBXFrameworksBuildPhase section */

/* Begin PBXGroup section */
		E9A715CE28CFC16300556786 = {
			isa = PBXGroup;
			children = (
				E9A715D928CFC16400556786 /* GH Assistant */,
				E9A715D828CFC16400556786 /* Products */,
			);
			sourceTree = "<group>";
		};
		E9A715D828CFC16400556786 /* Products */ = {
			isa = PBXGroup;
			children = (
				E9A715D728CFC16400556786 /* GH Assistant.app */,
			);
			name = Products;
			sourceTree = "<group>";
		};
		E9A715D928CFC16400556786 /* GH Assistant */ = {
			isa = PBXGroup;
			children = (
				E9A7160F28D08A5E00556786 /* Utilities */,
				E9A7160A28D0847200556786 /* Model */,
				E9A7160728D0828700556786 /* Managers */,
				E9A7160228D0821E00556786 /* Custom Views */,
				E9A7160328D0823800556786 /* Extensions */,
				E9A7160128D0820600556786 /* Support */,
				E9A7160028D081E700556786 /* Screens */,
				E9A715E828CFC16900556786 /* Info.plist */,
			);
			path = "GH Assistant";
			sourceTree = "<group>";
		};
		E9A7160028D081E700556786 /* Screens */ = {
			isa = PBXGroup;
			children = (
				E9A715EE28CFC47800556786 /* SearchVC.swift */,
				E9A7161928D1C39F00556786 /* UserInfoVC.swift */,
				E9A715F628CFD16E00556786 /* FollowersListVC.swift */,
				E9A715F028CFC48A00556786 /* FavoritesListVC.swift */,
				E9ABA37828D4A48900D23C75 /* RepositoriesVC.swift */,
			);
			path = Screens;
			sourceTree = "<group>";
		};
		E9A7160128D0820600556786 /* Support */ = {
			isa = PBXGroup;
			children = (
				E9A715DC28CFC16400556786 /* SceneDelegate.swift */,
				E9A715DA28CFC16400556786 /* AppDelegate.swift */,
				E9A715E528CFC16800556786 /* LaunchScreen.storyboard */,
				E9A715E328CFC16800556786 /* Assets.xcassets */,
			);
			path = Support;
			sourceTree = "<group>";
		};
		E9A7160228D0821E00556786 /* Custom Views */ = {
			isa = PBXGroup;
			children = (
				E9A7163C28D3225400556786 /* TextFields */,
				E9A7163B28D3223E00556786 /* ImageViews */,
				E9A7163628D311F800556786 /* TabBarControllers */,
				E9A7161D28D1D36D00556786 /* ViewControllers */,
				E9A7161428D0984600556786 /* Cells */,
				E9A7160628D0826400556786 /* Views */,
				E9A7160528D0825A00556786 /* Buttons */,
				E9A7160428D0825000556786 /* Labels */,
			);
			path = "Custom Views";
			sourceTree = "<group>";
		};
		E9A7160328D0823800556786 /* Extensions */ = {
			isa = PBXGroup;
			children = (
				E9A715FE28D07ACC00556786 /* UIViewControllerExtension.swift */,
				E9A7163028D209F300556786 /* StringExtension.swift */,
				E9A7162E28D209C000556786 /* DateExtension.swift */,
				E9A7163D28D3307100556786 /* UITableViewExtension.swift */,
			);
			path = Extensions;
			sourceTree = "<group>";
		};
		E9A7160428D0825000556786 /* Labels */ = {
			isa = PBXGroup;
			children = (
				E9A715FA28D073CE00556786 /* GFBodyLabel.swift */,
				E9A715F828D0728500556786 /* GFTitleLabel.swift */,
				E9A7161B28D1D26A00556786 /* GFSecondaryTitleLabel.swift */,
				E9ABA37E28D4BA5900D23C75 /* GFCaptionLabel.swift */,
			);
			path = Labels;
			sourceTree = "<group>";
		};
		E9A7160528D0825A00556786 /* Buttons */ = {
			isa = PBXGroup;
			children = (
				E9A715F228CFC83900556786 /* GFButton.swift */,
				E9ABA3C228D720C300D23C75 /* GFSettingsButton.swift */,
			);
			path = Buttons;
			sourceTree = "<group>";
		};
		E9A7160628D0826400556786 /* Views */ = {
			isa = PBXGroup;
			children = (
				E9A7161728D1117500556786 /* GFEmptyStateView.swift */,
				E9A7162428D1FA8400556786 /* GFItemInfoView.swift */,
				E9A7163928D31A0500556786 /* GFAlertContainerView.swift */,
			);
			path = Views;
			sourceTree = "<group>";
		};
		E9A7160728D0828700556786 /* Managers */ = {
			isa = PBXGroup;
			children = (
				E9A7160828D0829400556786 /* NetworkManager.swift */,
				E9A7163228D2299800556786 /* PersistenceManager.swift */,
			);
			path = Managers;
			sourceTree = "<group>";
		};
		E9A7160A28D0847200556786 /* Model */ = {
			isa = PBXGroup;
			children = (
				E9A7160B28D0847D00556786 /* Follower.swift */,
				E9A7160D28D0853300556786 /* User.swift */,
				E9ABA37A28D4A98C00D23C75 /* Repos.swift */,
			);
			path = Model;
			sourceTree = "<group>";
		};
		E9A7160F28D08A5E00556786 /* Utilities */ = {
			isa = PBXGroup;
			children = (
				E9A7162228D1DB2700556786 /* GFConstants.swift */,
				E9A7161028D08A6B00556786 /* GFError.swift */,
			);
			path = Utilities;
			sourceTree = "<group>";
		};
		E9A7161428D0984600556786 /* Cells */ = {
			isa = PBXGroup;
			children = (
				E9A7161228D0983F00556786 /* FollowerCell.swift */,
				E9A7163428D266DD00556786 /* FavoriteCell.swift */,
				E9ABA37C28D4AD7200D23C75 /* RepositoryCell.swift */,
			);
			path = Cells;
			sourceTree = "<group>";
		};
		E9A7161D28D1D36D00556786 /* ViewControllers */ = {
			isa = PBXGroup;
			children = (
				E9A715FC28D0743100556786 /* GFAlertVC.swift */,
				E9A7161E28D1D39000556786 /* GFUserInfoHeaderVC.swift */,
				E9A7162628D1FFCB00556786 /* GFItemInfoVC.swift */,
				E9A7162828D2030800556786 /* GFRepoItemVC.swift */,
				E9A7162A28D2053B00556786 /* GFFollowerItemVC.swift */,
			);
			path = ViewControllers;
			sourceTree = "<group>";
		};
		E9A7163628D311F800556786 /* TabBarControllers */ = {
			isa = PBXGroup;
			children = (
				E9A7163728D3121900556786 /* GFTabBarController.swift */,
			);
			path = TabBarControllers;
			sourceTree = "<group>";
		};
		E9A7163B28D3223E00556786 /* ImageViews */ = {
			isa = PBXGroup;
			children = (
				E9A7162028D1D44700556786 /* GFGenericImageView.swift */,
				E9A7161528D0C60300556786 /* GFAvatarImageView.swift */,
			);
			path = ImageViews;
			sourceTree = "<group>";
		};
		E9A7163C28D3225400556786 /* TextFields */ = {
			isa = PBXGroup;
			children = (
				E9A715F428CFC96100556786 /* GFTextField.swift */,
			);
			path = TextFields;
			sourceTree = "<group>";
		};
/* End PBXGroup section */

/* Begin PBXNativeTarget section */
		E9A715D628CFC16400556786 /* GH Assistant */ = {
			isa = PBXNativeTarget;
			buildConfigurationList = E9A715EB28CFC16900556786 /* Build configuration list for PBXNativeTarget "GH Assistant" */;
			buildPhases = (
				E9A715D328CFC16400556786 /* Sources */,
				E9A715D428CFC16400556786 /* Frameworks */,
				E9A715D528CFC16400556786 /* Resources */,
			);
			buildRules = (
			);
			dependencies = (
			);
			name = "GH Assistant";
			productName = GitHub;
			productReference = E9A715D728CFC16400556786 /* GH Assistant.app */;
			productType = "com.apple.product-type.application";
		};
/* End PBXNativeTarget section */

/* Begin PBXProject section */
		E9A715CF28CFC16400556786 /* Project object */ = {
			isa = PBXProject;
			attributes = {
				BuildIndependentTargetsInParallel = 1;
				LastSwiftUpdateCheck = 1340;
				LastUpgradeCheck = 1340;
				TargetAttributes = {
					E9A715D628CFC16400556786 = {
						CreatedOnToolsVersion = 13.4;
					};
				};
			};
			buildConfigurationList = E9A715D228CFC16400556786 /* Build configuration list for PBXProject "GH Assistant" */;
			compatibilityVersion = "Xcode 13.0";
			developmentRegion = en;
			hasScannedForEncodings = 0;
			knownRegions = (
				en,
				Base,
			);
			mainGroup = E9A715CE28CFC16300556786;
			productRefGroup = E9A715D828CFC16400556786 /* Products */;
			projectDirPath = "";
			projectRoot = "";
			targets = (
				E9A715D628CFC16400556786 /* GH Assistant */,
			);
		};
/* End PBXProject section */

/* Begin PBXResourcesBuildPhase section */
		E9A715D528CFC16400556786 /* Resources */ = {
			isa = PBXResourcesBuildPhase;
			buildActionMask = 2147483647;
			files = (
				E9A715E728CFC16800556786 /* LaunchScreen.storyboard in Resources */,
				E9A715E428CFC16800556786 /* Assets.xcassets in Resources */,
			);
			runOnlyForDeploymentPostprocessing = 0;
		};
/* End PBXResourcesBuildPhase section */

/* Begin PBXSourcesBuildPhase section */
		E9A715D328CFC16400556786 /* Sources */ = {
			isa = PBXSourcesBuildPhase;
			buildActionMask = 2147483647;
			files = (
				E9A7160928D0829400556786 /* NetworkManager.swift in Sources */,
				E9A7162F28D209C000556786 /* DateExtension.swift in Sources */,
				E9A715EF28CFC47800556786 /* SearchVC.swift in Sources */,
				E9A715F728CFD16E00556786 /* FollowersListVC.swift in Sources */,
				E9A715F328CFC83900556786 /* GFButton.swift in Sources */,
				E9A7162328D1DB2700556786 /* GFConstants.swift in Sources */,
				E9A715F128CFC48A00556786 /* FavoritesListVC.swift in Sources */,
				E9A7162728D1FFCB00556786 /* GFItemInfoVC.swift in Sources */,
				E9A7161628D0C60300556786 /* GFAvatarImageView.swift in Sources */,
				E9A715FD28D0743100556786 /* GFAlertVC.swift in Sources */,
				E9A7160E28D0853300556786 /* User.swift in Sources */,
				E9ABA37928D4A48900D23C75 /* RepositoriesVC.swift in Sources */,
				E9A7161328D0983F00556786 /* FollowerCell.swift in Sources */,
				E9A7163128D209F300556786 /* StringExtension.swift in Sources */,
				E9A7162B28D2053B00556786 /* GFFollowerItemVC.swift in Sources */,
				E9A7163528D266DE00556786 /* FavoriteCell.swift in Sources */,
				E9A7162528D1FA8500556786 /* GFItemInfoView.swift in Sources */,
				E9A7163828D3121900556786 /* GFTabBarController.swift in Sources */,
				E9A7161C28D1D26A00556786 /* GFSecondaryTitleLabel.swift in Sources */,
				E9ABA3C328D720C300D23C75 /* GFSettingsButton.swift in Sources */,
				E9A7161828D1117600556786 /* GFEmptyStateView.swift in Sources */,
				E9A7162128D1D44700556786 /* GFGenericImageView.swift in Sources */,
				E9A7161F28D1D39000556786 /* GFUserInfoHeaderVC.swift in Sources */,
				E9A7163A28D31A0500556786 /* GFAlertContainerView.swift in Sources */,
				E9A715DB28CFC16400556786 /* AppDelegate.swift in Sources */,
				E9A7160C28D0847D00556786 /* Follower.swift in Sources */,
				E9A7163328D2299800556786 /* PersistenceManager.swift in Sources */,
				E9A7163E28D3307100556786 /* UITableViewExtension.swift in Sources */,
				E9ABA37B28D4A98C00D23C75 /* Repos.swift in Sources */,
				E9ABA37F28D4BA5900D23C75 /* GFCaptionLabel.swift in Sources */,
				E9A715F928D0728500556786 /* GFTitleLabel.swift in Sources */,
				E9A7161A28D1C39F00556786 /* UserInfoVC.swift in Sources */,
				E9A715FF28D07ACC00556786 /* UIViewControllerExtension.swift in Sources */,
				E9A7161128D08A6B00556786 /* GFError.swift in Sources */,
				E9A715DD28CFC16400556786 /* SceneDelegate.swift in Sources */,
				E9A715F528CFC96100556786 /* GFTextField.swift in Sources */,
				E9A7162928D2030900556786 /* GFRepoItemVC.swift in Sources */,
				E9A715FB28D073CE00556786 /* GFBodyLabel.swift in Sources */,
				E9ABA37D28D4AD7200D23C75 /* RepositoryCell.swift in Sources */,
			);
			runOnlyForDeploymentPostprocessing = 0;
		};
/* End PBXSourcesBuildPhase section */

/* Begin PBXVariantGroup section */
		E9A715E528CFC16800556786 /* LaunchScreen.storyboard */ = {
			isa = PBXVariantGroup;
			children = (
				E9A715E628CFC16800556786 /* Base */,
			);
			name = LaunchScreen.storyboard;
			sourceTree = "<group>";
		};
/* End PBXVariantGroup section */

/* Begin XCBuildConfiguration section */
		E9A715E928CFC16900556786 /* Debug */ = {
			isa = XCBuildConfiguration;
			buildSettings = {
				ALWAYS_SEARCH_USER_PATHS = NO;
				CLANG_ANALYZER_NONNULL = YES;
				CLANG_ANALYZER_NUMBER_OBJECT_CONVERSION = YES_AGGRESSIVE;
				CLANG_CXX_LANGUAGE_STANDARD = "gnu++17";
				CLANG_ENABLE_MODULES = YES;
				CLANG_ENABLE_OBJC_ARC = YES;
				CLANG_ENABLE_OBJC_WEAK = YES;
				CLANG_WARN_BLOCK_CAPTURE_AUTORELEASING = YES;
				CLANG_WARN_BOOL_CONVERSION = YES;
				CLANG_WARN_COMMA = YES;
				CLANG_WARN_CONSTANT_CONVERSION = YES;
				CLANG_WARN_DEPRECATED_OBJC_IMPLEMENTATIONS = YES;
				CLANG_WARN_DIRECT_OBJC_ISA_USAGE = YES_ERROR;
				CLANG_WARN_DOCUMENTATION_COMMENTS = YES;
				CLANG_WARN_EMPTY_BODY = YES;
				CLANG_WARN_ENUM_CONVERSION = YES;
				CLANG_WARN_INFINITE_RECURSION = YES;
				CLANG_WARN_INT_CONVERSION = YES;
				CLANG_WARN_NON_LITERAL_NULL_CONVERSION = YES;
				CLANG_WARN_OBJC_IMPLICIT_RETAIN_SELF = YES;
				CLANG_WARN_OBJC_LITERAL_CONVERSION = YES;
				CLANG_WARN_OBJC_ROOT_CLASS = YES_ERROR;
				CLANG_WARN_QUOTED_INCLUDE_IN_FRAMEWORK_HEADER = YES;
				CLANG_WARN_RANGE_LOOP_ANALYSIS = YES;
				CLANG_WARN_STRICT_PROTOTYPES = YES;
				CLANG_WARN_SUSPICIOUS_MOVE = YES;
				CLANG_WARN_UNGUARDED_AVAILABILITY = YES_AGGRESSIVE;
				CLANG_WARN_UNREACHABLE_CODE = YES;
				CLANG_WARN__DUPLICATE_METHOD_MATCH = YES;
				COPY_PHASE_STRIP = NO;
				DEBUG_INFORMATION_FORMAT = dwarf;
				ENABLE_STRICT_OBJC_MSGSEND = YES;
				ENABLE_TESTABILITY = YES;
				GCC_C_LANGUAGE_STANDARD = gnu11;
				GCC_DYNAMIC_NO_PIC = NO;
				GCC_NO_COMMON_BLOCKS = YES;
				GCC_OPTIMIZATION_LEVEL = 0;
				GCC_PREPROCESSOR_DEFINITIONS = (
					"DEBUG=1",
					"$(inherited)",
				);
				GCC_WARN_64_TO_32_BIT_CONVERSION = YES;
				GCC_WARN_ABOUT_RETURN_TYPE = YES_ERROR;
				GCC_WARN_UNDECLARED_SELECTOR = YES;
				GCC_WARN_UNINITIALIZED_AUTOS = YES_AGGRESSIVE;
				GCC_WARN_UNUSED_FUNCTION = YES;
				GCC_WARN_UNUSED_VARIABLE = YES;
				IPHONEOS_DEPLOYMENT_TARGET = 15.5;
				MTL_ENABLE_DEBUG_INFO = INCLUDE_SOURCE;
				MTL_FAST_MATH = YES;
				ONLY_ACTIVE_ARCH = YES;
				SDKROOT = iphoneos;
				SWIFT_ACTIVE_COMPILATION_CONDITIONS = DEBUG;
				SWIFT_OPTIMIZATION_LEVEL = "-Onone";
			};
			name = Debug;
		};
		E9A715EA28CFC16900556786 /* Release */ = {
			isa = XCBuildConfiguration;
			buildSettings = {
				ALWAYS_SEARCH_USER_PATHS = NO;
				CLANG_ANALYZER_NONNULL = YES;
				CLANG_ANALYZER_NUMBER_OBJECT_CONVERSION = YES_AGGRESSIVE;
				CLANG_CXX_LANGUAGE_STANDARD = "gnu++17";
				CLANG_ENABLE_MODULES = YES;
				CLANG_ENABLE_OBJC_ARC = YES;
				CLANG_ENABLE_OBJC_WEAK = YES;
				CLANG_WARN_BLOCK_CAPTURE_AUTORELEASING = YES;
				CLANG_WARN_BOOL_CONVERSION = YES;
				CLANG_WARN_COMMA = YES;
				CLANG_WARN_CONSTANT_CONVERSION = YES;
				CLANG_WARN_DEPRECATED_OBJC_IMPLEMENTATIONS = YES;
				CLANG_WARN_DIRECT_OBJC_ISA_USAGE = YES_ERROR;
				CLANG_WARN_DOCUMENTATION_COMMENTS = YES;
				CLANG_WARN_EMPTY_BODY = YES;
				CLANG_WARN_ENUM_CONVERSION = YES;
				CLANG_WARN_INFINITE_RECURSION = YES;
				CLANG_WARN_INT_CONVERSION = YES;
				CLANG_WARN_NON_LITERAL_NULL_CONVERSION = YES;
				CLANG_WARN_OBJC_IMPLICIT_RETAIN_SELF = YES;
				CLANG_WARN_OBJC_LITERAL_CONVERSION = YES;
				CLANG_WARN_OBJC_ROOT_CLASS = YES_ERROR;
				CLANG_WARN_QUOTED_INCLUDE_IN_FRAMEWORK_HEADER = YES;
				CLANG_WARN_RANGE_LOOP_ANALYSIS = YES;
				CLANG_WARN_STRICT_PROTOTYPES = YES;
				CLANG_WARN_SUSPICIOUS_MOVE = YES;
				CLANG_WARN_UNGUARDED_AVAILABILITY = YES_AGGRESSIVE;
				CLANG_WARN_UNREACHABLE_CODE = YES;
				CLANG_WARN__DUPLICATE_METHOD_MATCH = YES;
				COPY_PHASE_STRIP = NO;
				DEBUG_INFORMATION_FORMAT = "dwarf-with-dsym";
				ENABLE_NS_ASSERTIONS = NO;
				ENABLE_STRICT_OBJC_MSGSEND = YES;
				GCC_C_LANGUAGE_STANDARD = gnu11;
				GCC_NO_COMMON_BLOCKS = YES;
				GCC_WARN_64_TO_32_BIT_CONVERSION = YES;
				GCC_WARN_ABOUT_RETURN_TYPE = YES_ERROR;
				GCC_WARN_UNDECLARED_SELECTOR = YES;
				GCC_WARN_UNINITIALIZED_AUTOS = YES_AGGRESSIVE;
				GCC_WARN_UNUSED_FUNCTION = YES;
				GCC_WARN_UNUSED_VARIABLE = YES;
				IPHONEOS_DEPLOYMENT_TARGET = 15.5;
				MTL_ENABLE_DEBUG_INFO = NO;
				MTL_FAST_MATH = YES;
				SDKROOT = iphoneos;
				SWIFT_COMPILATION_MODE = wholemodule;
				SWIFT_OPTIMIZATION_LEVEL = "-O";
				VALIDATE_PRODUCT = YES;
			};
			name = Release;
		};
		E9A715EC28CFC16900556786 /* Debug */ = {
			isa = XCBuildConfiguration;
			buildSettings = {
				ASSETCATALOG_COMPILER_APPICON_NAME = AppIcon;
				ASSETCATALOG_COMPILER_GLOBAL_ACCENT_COLOR_NAME = AccentColor;
				CODE_SIGN_STYLE = Automatic;
				CURRENT_PROJECT_VERSION = 2;
				DEVELOPMENT_TEAM = DX25SM5F6D;
				GENERATE_INFOPLIST_FILE = YES;
				INFOPLIST_FILE = "GH Assistant/Info.plist";
				INFOPLIST_KEY_CFBundleDisplayName = Assistant;
				INFOPLIST_KEY_LSApplicationCategoryType = "public.app-category.social-networking";
				INFOPLIST_KEY_UIApplicationSupportsIndirectInputEvents = YES;
				INFOPLIST_KEY_UILaunchStoryboardName = LaunchScreen.storyboard;
				INFOPLIST_KEY_UISupportedInterfaceOrientations = UIInterfaceOrientationPortrait;
				INFOPLIST_KEY_UISupportedInterfaceOrientations_iPad = "UIInterfaceOrientationLandscapeLeft UIInterfaceOrientationLandscapeRight UIInterfaceOrientationPortrait UIInterfaceOrientationPortraitUpsideDown";
				LD_RUNPATH_SEARCH_PATHS = (
					"$(inherited)",
					"@executable_path/Frameworks",
				);
				MARKETING_VERSION = 1.0;
				PRODUCT_BUNDLE_IDENTIFIER = com.AdamP.GitHubAssistant;
				PRODUCT_NAME = "$(TARGET_NAME)";
				SWIFT_EMIT_LOC_STRINGS = YES;
				SWIFT_VERSION = 5.0;
				TARGETED_DEVICE_FAMILY = 1;
			};
			name = Debug;
		};
		E9A715ED28CFC16900556786 /* Release */ = {
			isa = XCBuildConfiguration;
			buildSettings = {
				ASSETCATALOG_COMPILER_APPICON_NAME = AppIcon;
				ASSETCATALOG_COMPILER_GLOBAL_ACCENT_COLOR_NAME = AccentColor;
				CODE_SIGN_STYLE = Automatic;
				CURRENT_PROJECT_VERSION = 2;
				DEVELOPMENT_TEAM = DX25SM5F6D;
				GENERATE_INFOPLIST_FILE = YES;
				INFOPLIST_FILE = "GH Assistant/Info.plist";
				INFOPLIST_KEY_CFBundleDisplayName = Assistant;
				INFOPLIST_KEY_LSApplicationCategoryType = "public.app-category.social-networking";
				INFOPLIST_KEY_UIApplicationSupportsIndirectInputEvents = YES;
				INFOPLIST_KEY_UILaunchStoryboardName = LaunchScreen.storyboard;
				INFOPLIST_KEY_UISupportedInterfaceOrientations = UIInterfaceOrientationPortrait;
				INFOPLIST_KEY_UISupportedInterfaceOrientations_iPad = "UIInterfaceOrientationLandscapeLeft UIInterfaceOrientationLandscapeRight UIInterfaceOrientationPortrait UIInterfaceOrientationPortraitUpsideDown";
				LD_RUNPATH_SEARCH_PATHS = (
					"$(inherited)",
					"@executable_path/Frameworks",
				);
				MARKETING_VERSION = 1.0;
				PRODUCT_BUNDLE_IDENTIFIER = com.AdamP.GitHubAssistant;
				PRODUCT_NAME = "$(TARGET_NAME)";
				SWIFT_EMIT_LOC_STRINGS = YES;
				SWIFT_VERSION = 5.0;
				TARGETED_DEVICE_FAMILY = 1;
			};
			name = Release;
		};
/* End XCBuildConfiguration section */

/* Begin XCConfigurationList section */
		E9A715D228CFC16400556786 /* Build configuration list for PBXProject "GH Assistant" */ = {
			isa = XCConfigurationList;
			buildConfigurations = (
				E9A715E928CFC16900556786 /* Debug */,
				E9A715EA28CFC16900556786 /* Release */,
			);
			defaultConfigurationIsVisible = 0;
			defaultConfigurationName = Release;
		};
		E9A715EB28CFC16900556786 /* Build configuration list for PBXNativeTarget "GH Assistant" */ = {
			isa = XCConfigurationList;
			buildConfigurations = (
				E9A715EC28CFC16900556786 /* Debug */,
				E9A715ED28CFC16900556786 /* Release */,
			);
			defaultConfigurationIsVisible = 0;
			defaultConfigurationName = Release;
		};
/* End XCConfigurationList section */
	};
	rootObject = E9A715CF28CFC16400556786 /* Project object */;
}
